
Microsoft Visual Studio Solution File, Format Version 11.00
# Visual Studio 2010
# SharpDevelop 5.1
Project("{FAE04EC0-301F-11D3-BF4B-00C04F79EFBC}") = "PaladinsAPI", "PaladinsAPI.csproj", "{413DE273-425E-4956-B58A-0380D3E2B24D}"
EndProject
Global
	GlobalSection(SolutionConfigurationPlatforms) = preSolution
		Debug|Any CPU = Debug|Any CPU
		Release|Any CPU = Release|Any CPU
	EndGlobalSection
	GlobalSection(ProjectConfigurationPlatforms) = postSolution
		{413DE273-425E-4956-B58A-0380D3E2B24D}.Debug|Any CPU.ActiveCfg = Debug|Any CPU
		{413DE273-425E-4956-B58A-0380D3E2B24D}.Debug|Any CPU.Build.0 = Debug|Any CPU
		{413DE273-425E-4956-B58A-0380D3E2B24D}.Release|Any CPU.ActiveCfg = Release|Any CPU
		{413DE273-425E-4956-B58A-0380D3E2B24D}.Release|Any CPU.Build.0 = Release|Any CPU
	EndGlobalSection
EndGlobal
